
Microsoft Visual Studio Solution File, Format Version 12.00
# Visual Studio 2012
Project("{FAE04EC0-301F-11D3-BF4B-00C04F79EFBC}") = "QNHDemo.GUI", "QNHDemo.GUI\QNHDemo.GUI.csproj", "{514B8FF5-46CB-4B49-B845-B222C17BABF6}"
EndProject
Project("{FAE04EC0-301F-11D3-BF4B-00C04F79EFBC}") = "QNHDemo.Android", "QNHDemo.Android\QNHDemo.Android.csproj", "{E86BA39E-E31F-4FA7-87B2-0058203F25D3}"
EndProject
Project("{FAE04EC0-301F-11D3-BF4B-00C04F79EFBC}") = "QNHDemo.WP7", "QNHDemo.WP7\QNHDemo.WP7.csproj", "{1422475B-B2B9-4228-9BD7-CDD1CB0F9CF5}"
EndProject
Global
	GlobalSection(SolutionConfigurationPlatforms) = preSolution
		Debug|Any CPU = Debug|Any CPU
		Release|Any CPU = Release|Any CPU
	EndGlobalSection
	GlobalSection(ProjectConfigurationPlatforms) = postSolution
		{514B8FF5-46CB-4B49-B845-B222C17BABF6}.Debug|Any CPU.ActiveCfg = Debug|Any CPU
		{514B8FF5-46CB-4B49-B845-B222C17BABF6}.Debug|Any CPU.Build.0 = Debug|Any CPU
		{514B8FF5-46CB-4B49-B845-B222C17BABF6}.Debug|Any CPU.Deploy.0 = Debug|Any CPU
		{514B8FF5-46CB-4B49-B845-B222C17BABF6}.Release|Any CPU.ActiveCfg = Release|Any CPU
		{514B8FF5-46CB-4B49-B845-B222C17BABF6}.Release|Any CPU.Build.0 = Release|Any CPU
		{E86BA39E-E31F-4FA7-87B2-0058203F25D3}.Debug|Any CPU.ActiveCfg = Debug|Any CPU
		{E86BA39E-E31F-4FA7-87B2-0058203F25D3}.Debug|Any CPU.Build.0 = Debug|Any CPU
		{E86BA39E-E31F-4FA7-87B2-0058203F25D3}.Debug|Any CPU.Deploy.0 = Debug|Any CPU
		{E86BA39E-E31F-4FA7-87B2-0058203F25D3}.Release|Any CPU.ActiveCfg = Release|Any CPU
		{E86BA39E-E31F-4FA7-87B2-0058203F25D3}.Release|Any CPU.Build.0 = Release|Any CPU
		{1422475B-B2B9-4228-9BD7-CDD1CB0F9CF5}.Debug|Any CPU.ActiveCfg = Debug|Any CPU
		{1422475B-B2B9-4228-9BD7-CDD1CB0F9CF5}.Debug|Any CPU.Build.0 = Debug|Any CPU
		{1422475B-B2B9-4228-9BD7-CDD1CB0F9CF5}.Release|Any CPU.ActiveCfg = Release|Any CPU
		{1422475B-B2B9-4228-9BD7-CDD1CB0F9CF5}.Release|Any CPU.Build.0 = Release|Any CPU
	EndGlobalSection
	GlobalSection(SolutionProperties) = preSolution
		HideSolutionNode = FALSE
	EndGlobalSection
	GlobalSection(MonoDevelopProperties) = preSolution
		StartupItem = QNHDemo.GUI\QNHDemo.GUI.csproj
	EndGlobalSection
EndGlobal
